
Microsoft Visual Studio Solution File, Format Version 12.00
# Visual Studio Version 16
VisualStudioVersion = 16.0.32602.291
MinimumVisualStudioVersion = 10.0.40219.1
Project("{FAE04EC0-301F-11D3-BF4B-00C04F79EFBC}") = "ConsoleApp1", "ConsoleApp1.csproj", "{7B315A63-6CE7-4566-B7E8-A7814AC0C27C}"
EndProject
Global
	GlobalSection(SolutionConfigurationPlatforms) = preSolution
		Debug|Any CPU = Debug|Any CPU
		Release|Any CPU = Release|Any CPU
	EndGlobalSection
	GlobalSection(ProjectConfigurationPlatforms) = postSolution
		{7B315A63-6CE7-4566-B7E8-A7814AC0C27C}.Debug|Any CPU.ActiveCfg = Debug|Any CPU
		{7B315A63-6CE7-4566-B7E8-A7814AC0C27C}.Debug|Any CPU.Build.0 = Debug|Any CPU
		{7B315A63-6CE7-4566-B7E8-A7814AC0C27C}.Release|Any CPU.ActiveCfg = Release|Any CPU
		{7B315A63-6CE7-4566-B7E8-A7814AC0C27C}.Release|Any CPU.Build.0 = Release|Any CPU
	EndGlobalSection
	GlobalSection(SolutionProperties) = preSolution
		HideSolutionNode = FALSE
	EndGlobalSection
	GlobalSection(ExtensibilityGlobals) = postSolution
		SolutionGuid = {F147F125-7E48-4328-BB30-04C4DA95397E}
	EndGlobalSection
EndGlobal
